
Microsoft Visual Studio Solution File, Format Version 12.00
# Visual Studio Version 17
VisualStudioVersion = 17.0.31903.59
MinimumVisualStudioVersion = 10.0.40219.1
Project("{FAE04EC0-301F-11D3-BF4B-00C04F79EFBC}") = "CalculadoraTestes", "CalculadoraTestes\CalculadoraTestes.csproj", "{3A5C47DB-4C21-4C28-AE1B-BA5E4BA53B5A}"
EndProject
Project("{FAE04EC0-301F-11D3-BF4B-00C04F79EFBC}") = "Calculadora", "Calculadora\Calculadora.csproj", "{4D651722-E33C-4700-8064-CDE8808F86D0}"
EndProject
Global
	GlobalSection(SolutionConfigurationPlatforms) = preSolution
		Debug|Any CPU = Debug|Any CPU
		Release|Any CPU = Release|Any CPU
	EndGlobalSection
	GlobalSection(SolutionProperties) = preSolution
		HideSolutionNode = FALSE
	EndGlobalSection
	GlobalSection(ProjectConfigurationPlatforms) = postSolution
		{3A5C47DB-4C21-4C28-AE1B-BA5E4BA53B5A}.Debug|Any CPU.ActiveCfg = Debug|Any CPU
		{3A5C47DB-4C21-4C28-AE1B-BA5E4BA53B5A}.Debug|Any CPU.Build.0 = Debug|Any CPU
		{3A5C47DB-4C21-4C28-AE1B-BA5E4BA53B5A}.Release|Any CPU.ActiveCfg = Release|Any CPU
		{3A5C47DB-4C21-4C28-AE1B-BA5E4BA53B5A}.Release|Any CPU.Build.0 = Release|Any CPU
		{4D651722-E33C-4700-8064-CDE8808F86D0}.Debug|Any CPU.ActiveCfg = Debug|Any CPU
		{4D651722-E33C-4700-8064-CDE8808F86D0}.Debug|Any CPU.Build.0 = Debug|Any CPU
		{4D651722-E33C-4700-8064-CDE8808F86D0}.Release|Any CPU.ActiveCfg = Release|Any CPU
		{4D651722-E33C-4700-8064-CDE8808F86D0}.Release|Any CPU.Build.0 = Release|Any CPU
	EndGlobalSection
EndGlobal
